PODS:
  - BackServices (0.0.1)

DEPENDENCIES:
  - BackServices (from `https://github.com/JosPerez/BackServices.git`, branch `main`)

EXTERNAL SOURCES:
  BackServices:
    :branch: main
    :git: https://github.com/JosPerez/BackServices.git

CHECKOUT OPTIONS:
  BackServices:
    :commit: 80b381b507e3f2e6337ca7f5de25d81077f62b91
    :git: https://github.com/JosPerez/BackServices.git

SPEC CHECKSUMS:
  BackServices: 60ccf9ec0fa9e2695164e9969e2f5b713e42367e

PODFILE CHECKSUM: 4e21ce4a5db4df920caf31d9852048124b737a44

COCOAPODS: 1.11.2
