PODS:
  - BackServices (0.0.1)

DEPENDENCIES:
  - BackServices (from `/Users/joseperez/Developer/Projects/swift/BackServices`)

EXTERNAL SOURCES:
  BackServices:
    :path: "/Users/joseperez/Developer/Projects/swift/BackServices"

SPEC CHECKSUMS:
  BackServices: 60ccf9ec0fa9e2695164e9969e2f5b713e42367e

PODFILE CHECKSUM: caa9e3909f9336da55072023d0fa8b04b223c8c6

COCOAPODS: 1.11.3
